
Microsoft Visual Studio Solution File, Format Version 12.00
# Visual Studio Version 16
VisualStudioVersion = 16.0.30406.217
MinimumVisualStudioVersion = 10.0.40219.1
Project("{FAE04EC0-301F-11D3-BF4B-00C04F79EFBC}") = "Imprimible", "DesafioInterfaces\Imprimible.csproj", "{E005D4F0-EE64-4947-B8F4-760E11D22D53}"
EndProject
Global
	GlobalSection(SolutionConfigurationPlatforms) = preSolution
		Debug|Any CPU = Debug|Any CPU
		Release|Any CPU = Release|Any CPU
	EndGlobalSection
	GlobalSection(ProjectConfigurationPlatforms) = postSolution
		{E005D4F0-EE64-4947-B8F4-760E11D22D53}.Debug|Any CPU.ActiveCfg = Debug|Any CPU
		{E005D4F0-EE64-4947-B8F4-760E11D22D53}.Debug|Any CPU.Build.0 = Debug|Any CPU
		{E005D4F0-EE64-4947-B8F4-760E11D22D53}.Release|Any CPU.ActiveCfg = Release|Any CPU
		{E005D4F0-EE64-4947-B8F4-760E11D22D53}.Release|Any CPU.Build.0 = Release|Any CPU
	EndGlobalSection
	GlobalSection(SolutionProperties) = preSolution
		HideSolutionNode = FALSE
	EndGlobalSection
	GlobalSection(ExtensibilityGlobals) = postSolution
		SolutionGuid = {9D7E3083-4CEA-4BB7-896A-D2E9F672CA9B}
	EndGlobalSection
EndGlobal
